// !$*UTF8*$!
{
	archiveVersion = 1;
	classes = {
	};
	objectVersion = 46;
	objects = {

/* Begin PBXBuildFile section */
		B852E22A1DB7B03500D873CB /* AppDelegate.swift in Sources */ = {isa = PBXBuildFile; fileRef = B852E2291DB7B03500D873CB /* AppDelegate.swift */; };
		B852E22C1DB7B03500D873CB /* ViewController.swift in Sources */ = {isa = PBXBuildFile; fileRef = B852E22B1DB7B03500D873CB /* ViewController.swift */; };
		B852E22F1DB7B03500D873CB /* Main.storyboard in Resources */ = {isa = PBXBuildFile; fileRef = B852E22D1DB7B03500D873CB /* Main.storyboard */; };
		B852E2311DB7B03500D873CB /* Assets.xcassets in Resources */ = {isa = PBXBuildFile; fileRef = B852E2301DB7B03500D873CB /* Assets.xcassets */; };
		B852E2341DB7B03500D873CB /* LaunchScreen.storyboard in Resources */ = {isa = PBXBuildFile; fileRef = B852E2321DB7B03500D873CB /* LaunchScreen.storyboard */; };
/* End PBXBuildFile section */

/* Begin PBXFileReference section */
		B852E2261DB7B03500D873CB /* DataPassing.app */ = {isa = PBXFileReference; explicitFileType = wrapper.application; includeInIndex = 0; path = DataPassing.app; sourceTree = BUILT_PRODUCTS_DIR; };
		B852E2291DB7B03500D873CB /* AppDelegate.swift */ = {isa = PBXFileReference; lastKnownFileType = sourcecode.swift; path = AppDelegate.swift; sourceTree = "<group>"; };
		B852E22B1DB7B03500D873CB /* ViewController.swift */ = {isa = PBXFileReference; lastKnownFileType = sourcecode.swift; path = ViewController.swift; sourceTree = "<group>"; };
		B852E22E1DB7B03500D873CB /* Base */ = {isa = PBXFileReference; lastKnownFileType = file.storyboard; name = Base; path = Base.lproj/Main.storyboard; sourceTree = "<group>"; };
		B852E2301DB7B03500D873CB /* Assets.xcassets */ = {isa = PBXFileReference; lastKnownFileType = folder.assetcatalog; path = Assets.xcassets; sourceTree = "<group>"; };
		B852E2331DB7B03500D873CB /* Base */ = {isa = PBXFileReference; lastKnownFileType = file.storyboard; name = Base; path = Base.lproj/LaunchScreen.storyboard; sourceTree = "<group>"; };
		B852E2351DB7B03500D873CB /* Info.plist */ = {isa = PBXFileReference; lastKnownFileType = text.plist.xml; path = Info.plist; sourceTree = "<group>"; };
/* End PBXFileReference section */

/* Begin PBXFrameworksBuildPhase section */
		B852E2231DB7B03500D873CB /* Frameworks */ = {
			isa = PBXFrameworksBuildPhase;
			buildActionMask = 2147483647;
			files = (
			);
			runOnlyForDeploymentPostprocessing = 0;
		};
/* End PBXFrameworksBuildPhase section */

/* Begin PBXGroup section */
		B852E21D1DB7B03500D873CB = {
			isa = PBXGroup;
			children = (
				B852E2281DB7B03500D873CB /* DataPassing */,
				B852E2271DB7B03500D873CB /* Products */,
			);
			sourceTree = "<group>";
		};
		B852E2271DB7B03500D873CB /* Products */ = {
			isa = PBXGroup;
			children = (
				B852E2261DB7B03500D873CB /* DataPassing.app */,
			);
			name = Products;
			sourceTree = "<group>";
		};
		B852E2281DB7B03500D873CB /* DataPassing */ = {
			isa = PBXGroup;
			children = (
				B852E2291DB7B03500D873CB /* AppDelegate.swift */,
				B852E22B1DB7B03500D873CB /* ViewController.swift */,
				B852E22D1DB7B03500D873CB /* Main.storyboard */,
				B852E2301DB7B03500D873CB /* Assets.xcassets */,
				B852E2321DB7B03500D873CB /* LaunchScreen.storyboard */,
				B852E2351DB7B03500D873CB /* Info.plist */,
			);
			path = DataPassing;
			sourceTree = "<group>";
		};
/* End PBXGroup section */

/* Begin PBXNativeTarget section */
		B852E2251DB7B03500D873CB /* DataPassing */ = {
			isa = PBXNativeTarget;
			buildConfigurationList = B852E2381DB7B03500D873CB /* Build configuration list for PBXNativeTarget "DataPassing" */;
			buildPhases = (
				B852E2221DB7B03500D873CB /* Sources */,
				B852E2231DB7B03500D873CB /* Frameworks */,
				B852E2241DB7B03500D873CB /* Resources */,
			);
			buildRules = (
			);
			dependencies = (
			);
			name = DataPassing;
			productName = DataPassing;
			productReference = B852E2261DB7B03500D873CB /* DataPassing.app */;
			productType = "com.apple.product-type.application";
		};
/* End PBXNativeTarget section */

/* Begin PBXProject section */
		B852E21E1DB7B03500D873CB /* Project object */ = {
			isa = PBXProject;
			attributes = {
				LastSwiftUpdateCheck = 0800;
				LastUpgradeCheck = 0800;
				ORGANIZATIONNAME = NoName;
				TargetAttributes = {
					B852E2251DB7B03500D873CB = {
						CreatedOnToolsVersion = 8.0;
						ProvisioningStyle = Automatic;
					};
				};
			};
			buildConfigurationList = B852E2211DB7B03500D873CB /* Build configuration list for PBXProject "DataPassing" */;
			compatibilityVersion = "Xcode 3.2";
			developmentRegion = English;
			hasScannedForEncodings = 0;
			knownRegions = (
				en,
				Base,
			);
			mainGroup = B852E21D1DB7B03500D873CB;
			productRefGroup = B852E2271DB7B03500D873CB /* Products */;
			projectDirPath = "";
			projectRoot = "";
			targets = (
				B852E2251DB7B03500D873CB /* DataPassing */,
			);
		};
/* End PBXProject section */

/* Begin PBXResourcesBuildPhase section */
		B852E2241DB7B03500D873CB /* Resources */ = {
			isa = PBXResourcesBuildPhase;
			buildActionMask = 2147483647;
			files = (
				B852E2341DB7B03500D873CB /* LaunchScreen.storyboard in Resources */,
				B852E2311DB7B03500D873CB /* Assets.xcassets in Resources */,
				B852E22F1DB7B03500D873CB /* Main.storyboard in Resources */,
			);
			runOnlyForDeploymentPostprocessing = 0;
		};
/* End PBXResourcesBuildPhase section */

/* Begin PBXSourcesBuildPhase section */
		B852E2221DB7B03500D873CB /* Sources */ = {
			isa = PBXSourcesBuildPhase;
			buildActionMask = 2147483647;
			files = (
				B852E22C1DB7B03500D873CB /* ViewController.swift in Sources */,
				B852E22A1DB7B03500D873CB /* AppDelegate.swift in Sources */,
			);
			runOnlyForDeploymentPostprocessing = 0;
		};
/* End PBXSourcesBuildPhase section */

/* Begin PBXVariantGroup section */
		B852E22D1DB7B03500D873CB /* Main.storyboard */ = {
			isa = PBXVariantGroup;
			children = (
				B852E22E1DB7B03500D873CB /* Base */,
			);
			name = Main.storyboard;
			sourceTree = "<group>";
		};
		B852E2321DB7B03500D873CB /* LaunchScreen.storyboard */ = {
			isa = PBXVariantGroup;
			children = (
				B852E2331DB7B03500D873CB /* Base */,
			);
			name = LaunchScreen.storyboard;
			sourceTree = "<group>";
		};
/* End PBXVariantGroup section */

/* Begin XCBuildConfiguration section */
		B852E2361DB7B03500D873CB /* Debug */ = {
			isa = XCBuildConfiguration;
			buildSettings = {
				ALWAYS_SEARCH_USER_PATHS = NO;
				CLANG_ANALYZER_NONNULL = YES;
				CLANG_CXX_LANGUAGE_STANDARD = "gnu++0x";
				CLANG_CXX_LIBRARY = "libc++";
				CLANG_ENABLE_MODULES = YES;
				CLANG_ENABLE_OBJC_ARC = YES;
				CLANG_WARN_BOOL_CONVERSION = YES;
				CLANG_WARN_CONSTANT_CONVERSION = YES;
				CLANG_WARN_DIRECT_OBJC_ISA_USAGE = YES_ERROR;
				CLANG_WARN_DOCUMENTATION_COMMENTS = YES;
				CLANG_WARN_EMPTY_BODY = YES;
				CLANG_WARN_ENUM_CONVERSION = YES;
				CLANG_WARN_INFINITE_RECURSION = YES;
				CLANG_WARN_INT_CONVERSION = YES;
				CLANG_WARN_OBJC_ROOT_CLASS = YES_ERROR;
				CLANG_WARN_SUSPICIOUS_MOVES = YES;
				CLANG_WARN_UNREACHABLE_CODE = YES;
				CLANG_WARN__DUPLICATE_METHOD_MATCH = YES;
				"CODE_SIGN_IDENTITY[sdk=iphoneos*]" = "iPhone Developer";
				COPY_PHASE_STRIP = NO;
				DEBUG_INFORMATION_FORMAT = dwarf;
				ENABLE_STRICT_OBJC_MSGSEND = YES;
				ENABLE_TESTABILITY = YES;
				GCC_C_LANGUAGE_STANDARD = gnu99;
				GCC_DYNAMIC_NO_PIC = NO;
				GCC_NO_COMMON_BLOCKS = YES;
				GCC_OPTIMIZATION_LEVEL = 0;
				GCC_PREPROCESSOR_DEFINITIONS = (
					"DEBUG=1",
					"$(inherited)",
				);
				GCC_WARN_64_TO_32_BIT_CONVERSION = YES;
				GCC_WARN_ABOUT_RETURN_TYPE = YES_ERROR;
				GCC_WARN_UNDECLARED_SELECTOR = YES;
				GCC_WARN_UNINITIALIZED_AUTOS = YES_AGGRESSIVE;
				GCC_WARN_UNUSED_FUNCTION = YES;
				GCC_WARN_UNUSED_VARIABLE = YES;
				IPHONEOS_DEPLOYMENT_TARGET = 10.0;
				MTL_ENABLE_DEBUG_INFO = YES;
				ONLY_ACTIVE_ARCH = YES;
				SDKROOT = iphoneos;
				SWIFT_ACTIVE_COMPILATION_CONDITIONS = DEBUG;
				SWIFT_OPTIMIZATION_LEVEL = "-Onone";
				TARGETED_DEVICE_FAMILY = "1,2";
			};
			name = Debug;
		};
		B852E2371DB7B03500D873CB /* Release */ = {
			isa = XCBuildConfiguration;
			buildSettings = {
				ALWAYS_SEARCH_USER_PATHS = NO;
				CLANG_ANALYZER_NONNULL = YES;
				CLANG_CXX_LANGUAGE_STANDARD = "gnu++0x";
				CLANG_CXX_LIBRARY = "libc++";
				CLANG_ENABLE_MODULES = YES;
				CLANG_ENABLE_OBJC_ARC = YES;
				CLANG_WARN_BOOL_CONVERSION = YES;
				CLANG_WARN_CONSTANT_CONVERSION = YES;
				CLANG_WARN_DIRECT_OBJC_ISA_USAGE = YES_ERROR;
				CLANG_WARN_DOCUMENTATION_COMMENTS = YES;
				CLANG_WARN_EMPTY_BODY = YES;
				CLANG_WARN_ENUM_CONVERSION = YES;
				CLANG_WARN_INFINITE_RECURSION = YES;
				CLANG_WARN_INT_CONVERSION = YES;
				CLANG_WARN_OBJC_ROOT_CLASS = YES_ERROR;
				CLANG_WARN_SUSPICIOUS_MOVES = YES;
				CLANG_WARN_UNREACHABLE_CODE = YES;
				CLANG_WARN__DUPLICATE_METHOD_MATCH = YES;
				"CODE_SIGN_IDENTITY[sdk=iphoneos*]" = "iPhone Developer";
				COPY_PHASE_STRIP = NO;
				DEBUG_INFORMATION_FORMAT = "dwarf-with-dsym";
				ENABLE_NS_ASSERTIONS = NO;
				ENABLE_STRICT_OBJC_MSGSEND = YES;
				GCC_C_LANGUAGE_STANDARD = gnu99;
				GCC_NO_COMMON_BLOCKS = YES;
				GCC_WARN_64_TO_32_BIT_CONVERSION = YES;
				GCC_WARN_ABOUT_RETURN_TYPE = YES_ERROR;
				GCC_WARN_UNDECLARED_SELECTOR = YES;
				GCC_WARN_UNINITIALIZED_AUTOS = YES_AGGRESSIVE;
				GCC_WARN_UNUSED_FUNCTION = YES;
				GCC_WARN_UNUSED_VARIABLE = YES;
				IPHONEOS_DEPLOYMENT_TARGET = 10.0;
				MTL_ENABLE_DEBUG_INFO = NO;
				SDKROOT = iphoneos;
				SWIFT_OPTIMIZATION_LEVEL = "-Owholemodule";
				TARGETED_DEVICE_FAMILY = "1,2";
				VALIDATE_PRODUCT = YES;
			};
			name = Release;
		};
		B852E2391DB7B03500D873CB /* Debug */ = {
			isa = XCBuildConfiguration;
			buildSettings = {
				ASSETCATALOG_COMPILER_APPICON_NAME = AppIcon;
				INFOPLIST_FILE = DataPassing/Info.plist;
				LD_RUNPATH_SEARCH_PATHS = "$(inherited) @executable_path/Frameworks";
				PRODUCT_BUNDLE_IDENTIFIER = com.noname.DataPassing;
				PRODUCT_NAME = "$(TARGET_NAME)";
				SWIFT_VERSION = 3.0;
			};
			name = Debug;
		};
		B852E23A1DB7B03500D873CB /* Release */ = {
			isa = XCBuildConfiguration;
			buildSettings = {
				ASSETCATALOG_COMPILER_APPICON_NAME = AppIcon;
				INFOPLIST_FILE = DataPassing/Info.plist;
				LD_RUNPATH_SEARCH_PATHS = "$(inherited) @executable_path/Frameworks";
				PRODUCT_BUNDLE_IDENTIFIER = com.noname.DataPassing;
				PRODUCT_NAME = "$(TARGET_NAME)";
				SWIFT_VERSION = 3.0;
			};
			name = Release;
		};
/* End XCBuildConfiguration section */

/* Begin XCConfigurationList section */
		B852E2211DB7B03500D873CB /* Build configuration list for PBXProject "DataPassing" */ = {
			isa = XCConfigurationList;
			buildConfigurations = (
				B852E2361DB7B03500D873CB /* Debug */,
				B852E2371DB7B03500D873CB /* Release */,
			);
			defaultConfigurationIsVisible = 0;
			defaultConfigurationName = Release;
		};
		B852E2381DB7B03500D873CB /* Build configuration list for PBXNativeTarget "DataPassing" */ = {
			isa = XCConfigurationList;
			buildConfigurations = (
				B852E2391DB7B03500D873CB /* Debug */,
				B852E23A1DB7B03500D873CB /* Release */,
			);
			defaultConfigurationIsVisible = 0;
		};
/* End XCConfigurationList section */
	};
	rootObject = B852E21E1DB7B03500D873CB /* Project object */;
}
